
Microsoft Visual Studio Solution File, Format Version 12.00
# Visual Studio Version 16
VisualStudioVersion = 16.0.29509.3
MinimumVisualStudioVersion = 10.0.40219.1
Project("{FAE04EC0-301F-11D3-BF4B-00C04F79EFBC}") = "Barroc-Intense", "Barroc-Intense\Barroc-Intense.csproj", "{F834692E-7EC1-493B-897B-086CA95E8694}"
EndProject
Global
	GlobalSection(SolutionConfigurationPlatforms) = preSolution
		Debug|Any CPU = Debug|Any CPU
		Release|Any CPU = Release|Any CPU
	EndGlobalSection
	GlobalSection(ProjectConfigurationPlatforms) = postSolution
		{F834692E-7EC1-493B-897B-086CA95E8694}.Debug|Any CPU.ActiveCfg = Debug|Any CPU
		{F834692E-7EC1-493B-897B-086CA95E8694}.Debug|Any CPU.Build.0 = Debug|Any CPU
		{F834692E-7EC1-493B-897B-086CA95E8694}.Release|Any CPU.ActiveCfg = Release|Any CPU
		{F834692E-7EC1-493B-897B-086CA95E8694}.Release|Any CPU.Build.0 = Release|Any CPU
	EndGlobalSection
	GlobalSection(SolutionProperties) = preSolution
		HideSolutionNode = FALSE
	EndGlobalSection
	GlobalSection(ExtensibilityGlobals) = postSolution
		SolutionGuid = {4065DF5D-A0EC-4433-9C26-FA4993A2F7A8}
	EndGlobalSection
EndGlobal
